
Microsoft Visual Studio Solution File, Format Version 12.00
# Visual Studio Version 17
VisualStudioVersion = 17.5.002.0
MinimumVisualStudioVersion = 10.0.40219.1
Project("{9A19103F-16F7-4668-BE54-9A1E7A4F7556}") = "Cart.API", "Cart.API.csproj", "{C73B10E5-B67E-45FA-8141-035D5312245C}"
EndProject
Global
	GlobalSection(SolutionConfigurationPlatforms) = preSolution
		Debug|Any CPU = Debug|Any CPU
		Release|Any CPU = Release|Any CPU
	EndGlobalSection
	GlobalSection(ProjectConfigurationPlatforms) = postSolution
		{C73B10E5-B67E-45FA-8141-035D5312245C}.Debug|Any CPU.ActiveCfg = Debug|Any CPU
		{C73B10E5-B67E-45FA-8141-035D5312245C}.Debug|Any CPU.Build.0 = Debug|Any CPU
		{C73B10E5-B67E-45FA-8141-035D5312245C}.Release|Any CPU.ActiveCfg = Release|Any CPU
		{C73B10E5-B67E-45FA-8141-035D5312245C}.Release|Any CPU.Build.0 = Release|Any CPU
	EndGlobalSection
	GlobalSection(SolutionProperties) = preSolution
		HideSolutionNode = FALSE
	EndGlobalSection
	GlobalSection(ExtensibilityGlobals) = postSolution
		SolutionGuid = {846ED9A3-2252-4FD6-AE17-0E9DAEFCBA33}
	EndGlobalSection
EndGlobal
